
Microsoft Visual Studio Solution File, Format Version 12.00
# Visual Studio 2012
Project("{FAE04EC0-301F-11D3-BF4B-00C04F79EFBC}") = "SIAPadlock.Android", "SIAPadlock.Android\SIAPadlock.Android.csproj", "{40F46DD4-3B27-4500-B24D-95F78FFF42A3}"
EndProject
Project("{FAE04EC0-301F-11D3-BF4B-00C04F79EFBC}") = "SIAPadlock.iOS", "SIAPadlock.iOS\SIAPadlock.iOS.csproj", "{2DBD1A3F-792F-489C-8476-37C76E3D48DC}"
EndProject
Project("{FAE04EC0-301F-11D3-BF4B-00C04F79EFBC}") = "SIAPadlock", "SIAPadlock\SIAPadlock.csproj", "{DCB40347-5C7A-41E7-A74B-648870E73760}"
EndProject
Global
	GlobalSection(SolutionConfigurationPlatforms) = preSolution
		Debug|Any CPU = Debug|Any CPU
		Release|Any CPU = Release|Any CPU
		Debug|iPhoneSimulator = Debug|iPhoneSimulator
		Release|iPhoneSimulator = Release|iPhoneSimulator
		Debug|iPhone = Debug|iPhone
		Release|iPhone = Release|iPhone
		Ad-Hoc|iPhone = Ad-Hoc|iPhone
		AppStore|iPhone = AppStore|iPhone
	EndGlobalSection
	GlobalSection(ProjectConfigurationPlatforms) = postSolution
		{40F46DD4-3B27-4500-B24D-95F78FFF42A3}.Debug|Any CPU.ActiveCfg = Debug|Any CPU
		{40F46DD4-3B27-4500-B24D-95F78FFF42A3}.Debug|Any CPU.Build.0 = Debug|Any CPU
		{40F46DD4-3B27-4500-B24D-95F78FFF42A3}.Release|Any CPU.ActiveCfg = Release|Any CPU
		{40F46DD4-3B27-4500-B24D-95F78FFF42A3}.Release|Any CPU.Build.0 = Release|Any CPU
		{40F46DD4-3B27-4500-B24D-95F78FFF42A3}.Debug|iPhoneSimulator.ActiveCfg = Debug|Any CPU
		{40F46DD4-3B27-4500-B24D-95F78FFF42A3}.Debug|iPhoneSimulator.Build.0 = Debug|Any CPU
		{40F46DD4-3B27-4500-B24D-95F78FFF42A3}.Release|iPhoneSimulator.ActiveCfg = Release|Any CPU
		{40F46DD4-3B27-4500-B24D-95F78FFF42A3}.Release|iPhoneSimulator.Build.0 = Release|Any CPU
		{40F46DD4-3B27-4500-B24D-95F78FFF42A3}.Debug|iPhone.ActiveCfg = Debug|Any CPU
		{40F46DD4-3B27-4500-B24D-95F78FFF42A3}.Debug|iPhone.Build.0 = Debug|Any CPU
		{40F46DD4-3B27-4500-B24D-95F78FFF42A3}.Release|iPhone.ActiveCfg = Release|Any CPU
		{40F46DD4-3B27-4500-B24D-95F78FFF42A3}.Release|iPhone.Build.0 = Release|Any CPU
		{40F46DD4-3B27-4500-B24D-95F78FFF42A3}.Ad-Hoc|iPhone.ActiveCfg = Debug|Any CPU
		{40F46DD4-3B27-4500-B24D-95F78FFF42A3}.Ad-Hoc|iPhone.Build.0 = Debug|Any CPU
		{40F46DD4-3B27-4500-B24D-95F78FFF42A3}.AppStore|iPhone.ActiveCfg = Debug|Any CPU
		{40F46DD4-3B27-4500-B24D-95F78FFF42A3}.AppStore|iPhone.Build.0 = Debug|Any CPU
		{2DBD1A3F-792F-489C-8476-37C76E3D48DC}.Debug|Any CPU.ActiveCfg = Debug|iPhoneSimulator
		{2DBD1A3F-792F-489C-8476-37C76E3D48DC}.Debug|Any CPU.Build.0 = Debug|iPhoneSimulator
		{2DBD1A3F-792F-489C-8476-37C76E3D48DC}.Release|Any CPU.ActiveCfg = Release|iPhoneSimulator
		{2DBD1A3F-792F-489C-8476-37C76E3D48DC}.Release|Any CPU.Build.0 = Release|iPhoneSimulator
		{2DBD1A3F-792F-489C-8476-37C76E3D48DC}.Debug|iPhoneSimulator.ActiveCfg = Debug|iPhoneSimulator
		{2DBD1A3F-792F-489C-8476-37C76E3D48DC}.Debug|iPhoneSimulator.Build.0 = Debug|iPhoneSimulator
		{2DBD1A3F-792F-489C-8476-37C76E3D48DC}.Release|iPhoneSimulator.ActiveCfg = Release|iPhoneSimulator
		{2DBD1A3F-792F-489C-8476-37C76E3D48DC}.Release|iPhoneSimulator.Build.0 = Release|iPhoneSimulator
		{2DBD1A3F-792F-489C-8476-37C76E3D48DC}.Debug|iPhone.ActiveCfg = Debug|iPhone
		{2DBD1A3F-792F-489C-8476-37C76E3D48DC}.Debug|iPhone.Build.0 = Debug|iPhone
		{2DBD1A3F-792F-489C-8476-37C76E3D48DC}.Release|iPhone.ActiveCfg = Release|iPhone
		{2DBD1A3F-792F-489C-8476-37C76E3D48DC}.Release|iPhone.Build.0 = Release|iPhone
		{2DBD1A3F-792F-489C-8476-37C76E3D48DC}.Ad-Hoc|iPhone.ActiveCfg = Ad-Hoc|iPhone
		{2DBD1A3F-792F-489C-8476-37C76E3D48DC}.Ad-Hoc|iPhone.Build.0 = Ad-Hoc|iPhone
		{2DBD1A3F-792F-489C-8476-37C76E3D48DC}.AppStore|iPhone.ActiveCfg = AppStore|iPhone
		{2DBD1A3F-792F-489C-8476-37C76E3D48DC}.AppStore|iPhone.Build.0 = AppStore|iPhone
		{DCB40347-5C7A-41E7-A74B-648870E73760}.Debug|Any CPU.ActiveCfg = Debug|Any CPU
		{DCB40347-5C7A-41E7-A74B-648870E73760}.Debug|Any CPU.Build.0 = Debug|Any CPU
		{DCB40347-5C7A-41E7-A74B-648870E73760}.Release|Any CPU.ActiveCfg = Release|Any CPU
		{DCB40347-5C7A-41E7-A74B-648870E73760}.Release|Any CPU.Build.0 = Release|Any CPU
		{DCB40347-5C7A-41E7-A74B-648870E73760}.Debug|iPhoneSimulator.ActiveCfg = Debug|Any CPU
		{DCB40347-5C7A-41E7-A74B-648870E73760}.Debug|iPhoneSimulator.Build.0 = Debug|Any CPU
		{DCB40347-5C7A-41E7-A74B-648870E73760}.Release|iPhoneSimulator.ActiveCfg = Release|Any CPU
		{DCB40347-5C7A-41E7-A74B-648870E73760}.Release|iPhoneSimulator.Build.0 = Release|Any CPU
		{DCB40347-5C7A-41E7-A74B-648870E73760}.Debug|iPhone.ActiveCfg = Debug|Any CPU
		{DCB40347-5C7A-41E7-A74B-648870E73760}.Debug|iPhone.Build.0 = Debug|Any CPU
		{DCB40347-5C7A-41E7-A74B-648870E73760}.Release|iPhone.ActiveCfg = Release|Any CPU
		{DCB40347-5C7A-41E7-A74B-648870E73760}.Release|iPhone.Build.0 = Release|Any CPU
		{DCB40347-5C7A-41E7-A74B-648870E73760}.Ad-Hoc|iPhone.ActiveCfg = Debug|Any CPU
		{DCB40347-5C7A-41E7-A74B-648870E73760}.Ad-Hoc|iPhone.Build.0 = Debug|Any CPU
		{DCB40347-5C7A-41E7-A74B-648870E73760}.AppStore|iPhone.ActiveCfg = Debug|Any CPU
		{DCB40347-5C7A-41E7-A74B-648870E73760}.AppStore|iPhone.Build.0 = Debug|Any CPU
	EndGlobalSection
EndGlobal
